
Microsoft Visual Studio Solution File, Format Version 12.00
# Visual Studio 15
Project("{FAE04EC0-301F-11D3-BF4B-00C04F79EFBC}") = "PirkiniuKrepselis", "PirkiniuKrepselis\PirkiniuKrepselis.csproj", "{7ADBBDAF-0070-48F7-B691-8C4E59A95F34}"
EndProject
Project("{FAE04EC0-301F-11D3-BF4B-00C04F79EFBC}") = "PirkinysStruct", "PirkinysStruct\PirkinysStruct.csproj", "{F775801A-7EE9-4E93-B807-F296D7404D10}"
EndProject
Global
	GlobalSection(SolutionConfigurationPlatforms) = preSolution
		Debug|x86 = Debug|x86
		Release|x86 = Release|x86
	EndGlobalSection
	GlobalSection(ProjectConfigurationPlatforms) = postSolution
		{7ADBBDAF-0070-48F7-B691-8C4E59A95F34}.Debug|x86.ActiveCfg = Debug|x86
		{7ADBBDAF-0070-48F7-B691-8C4E59A95F34}.Debug|x86.Build.0 = Debug|x86
		{7ADBBDAF-0070-48F7-B691-8C4E59A95F34}.Release|x86.ActiveCfg = Release|x86
		{7ADBBDAF-0070-48F7-B691-8C4E59A95F34}.Release|x86.Build.0 = Release|x86
		{F775801A-7EE9-4E93-B807-F296D7404D10}.Debug|x86.ActiveCfg = Debug|Any CPU
		{F775801A-7EE9-4E93-B807-F296D7404D10}.Debug|x86.Build.0 = Debug|Any CPU
		{F775801A-7EE9-4E93-B807-F296D7404D10}.Release|x86.ActiveCfg = Release|Any CPU
		{F775801A-7EE9-4E93-B807-F296D7404D10}.Release|x86.Build.0 = Release|Any CPU
	EndGlobalSection
EndGlobal
