
Microsoft Visual Studio Solution File, Format Version 12.00
# Visual Studio Version 16
VisualStudioVersion = 16.0.28917.181
MinimumVisualStudioVersion = 10.0.40219.1
Project("{FAE04EC0-301F-11D3-BF4B-00C04F79EFBC}") = "DeserializeJSON", "DeserializeJSON\DeserializeJSON.csproj", "{19D03E74-7620-4471-BFBC-8CDA19CC6B49}"
EndProject
Global
	GlobalSection(SolutionConfigurationPlatforms) = preSolution
		Debug|Any CPU = Debug|Any CPU
		Release|Any CPU = Release|Any CPU
	EndGlobalSection
	GlobalSection(ProjectConfigurationPlatforms) = postSolution
		{19D03E74-7620-4471-BFBC-8CDA19CC6B49}.Debug|Any CPU.ActiveCfg = Debug|Any CPU
		{19D03E74-7620-4471-BFBC-8CDA19CC6B49}.Debug|Any CPU.Build.0 = Debug|Any CPU
		{19D03E74-7620-4471-BFBC-8CDA19CC6B49}.Release|Any CPU.ActiveCfg = Release|Any CPU
		{19D03E74-7620-4471-BFBC-8CDA19CC6B49}.Release|Any CPU.Build.0 = Release|Any CPU
	EndGlobalSection
	GlobalSection(SolutionProperties) = preSolution
		HideSolutionNode = FALSE
	EndGlobalSection
	GlobalSection(ExtensibilityGlobals) = postSolution
		SolutionGuid = {BA9EDD8E-2D21-4C81-A84C-A99552101989}
	EndGlobalSection
EndGlobal
